
Microsoft Visual Studio Solution File, Format Version 12.00
# Visual Studio 15
VisualStudioVersion = 15.0.27428.2043
MinimumVisualStudioVersion = 10.0.40219.1
Project("{FAE04EC0-301F-11D3-BF4B-00C04F79EFBC}") = "Lannister", "Lannister\Lannister.csproj", "{0C000008-8051-4B9D-91B6-FA1C3E005C97}"
EndProject
Global
	GlobalSection(SolutionConfigurationPlatforms) = preSolution
		Debug|Any CPU = Debug|Any CPU
		Release|Any CPU = Release|Any CPU
	EndGlobalSection
	GlobalSection(ProjectConfigurationPlatforms) = postSolution
		{0C000008-8051-4B9D-91B6-FA1C3E005C97}.Debug|Any CPU.ActiveCfg = Debug|Any CPU
		{0C000008-8051-4B9D-91B6-FA1C3E005C97}.Debug|Any CPU.Build.0 = Debug|Any CPU
		{0C000008-8051-4B9D-91B6-FA1C3E005C97}.Release|Any CPU.ActiveCfg = Release|Any CPU
		{0C000008-8051-4B9D-91B6-FA1C3E005C97}.Release|Any CPU.Build.0 = Release|Any CPU
	EndGlobalSection
	GlobalSection(SolutionProperties) = preSolution
		HideSolutionNode = FALSE
	EndGlobalSection
	GlobalSection(ExtensibilityGlobals) = postSolution
		SolutionGuid = {D6E2CA37-8328-48B8-83BC-A124B0522FC6}
	EndGlobalSection
EndGlobal
